// !$*UTF8*$!
{
	archiveVersion = 1;
	classes = {
	};
	objectVersion = 46;
	objects = {

/* Begin PBXBuildFile section */
		03EF86411B24707D00CE8856 /* AppDelegate.swift in Sources */ = {isa = PBXBuildFile; fileRef = 03EF86401B24707D00CE8856 /* AppDelegate.swift */; };
		03EF86431B24707D00CE8856 /* LoginViewController.swift in Sources */ = {isa = PBXBuildFile; fileRef = 03EF86421B24707D00CE8856 /* LoginViewController.swift */; };
		03EF86451B24707D00CE8856 /* MapViewController.swift in Sources */ = {isa = PBXBuildFile; fileRef = 03EF86441B24707D00CE8856 /* MapViewController.swift */; };
		03EF86481B24707D00CE8856 /* Main.storyboard in Resources */ = {isa = PBXBuildFile; fileRef = 03EF86461B24707D00CE8856 /* Main.storyboard */; };
		03EF864A1B24707D00CE8856 /* Images.xcassets in Resources */ = {isa = PBXBuildFile; fileRef = 03EF86491B24707D00CE8856 /* Images.xcassets */; };
		03EF864D1B24707D00CE8856 /* LaunchScreen.xib in Resources */ = {isa = PBXBuildFile; fileRef = 03EF864B1B24707D00CE8856 /* LaunchScreen.xib */; };
		03EF86591B24707D00CE8856 /* pooprTests.swift in Sources */ = {isa = PBXBuildFile; fileRef = 03EF86581B24707D00CE8856 /* pooprTests.swift */; };
/* End PBXBuildFile section */

/* Begin PBXContainerItemProxy section */
		03EF86531B24707D00CE8856 /* PBXContainerItemProxy */ = {
			isa = PBXContainerItemProxy;
			containerPortal = 03EF86331B24707C00CE8856 /* Project object */;
			proxyType = 1;
			remoteGlobalIDString = 03EF863A1B24707C00CE8856;
			remoteInfo = poopr;
		};
/* End PBXContainerItemProxy section */

/* Begin PBXFileReference section */
		03EF863B1B24707C00CE8856 /* poopr.app */ = {isa = PBXFileReference; explicitFileType = wrapper.application; includeInIndex = 0; path = poopr.app; sourceTree = BUILT_PRODUCTS_DIR; };
		03EF863F1B24707D00CE8856 /* Info.plist */ = {isa = PBXFileReference; lastKnownFileType = text.plist.xml; path = Info.plist; sourceTree = "<group>"; };
		03EF86401B24707D00CE8856 /* AppDelegate.swift */ = {isa = PBXFileReference; lastKnownFileType = sourcecode.swift; path = AppDelegate.swift; sourceTree = "<group>"; };
		03EF86421B24707D00CE8856 /* LoginViewController.swift */ = {isa = PBXFileReference; lastKnownFileType = sourcecode.swift; path = LoginViewController.swift; sourceTree = "<group>"; };
		03EF86441B24707D00CE8856 /* MapViewController.swift */ = {isa = PBXFileReference; lastKnownFileType = sourcecode.swift; path = MapViewController.swift; sourceTree = "<group>"; };
		03EF86471B24707D00CE8856 /* Base */ = {isa = PBXFileReference; lastKnownFileType = file.storyboard; name = Base; path = Base.lproj/Main.storyboard; sourceTree = "<group>"; };
		03EF86491B24707D00CE8856 /* Images.xcassets */ = {isa = PBXFileReference; lastKnownFileType = folder.assetcatalog; path = Images.xcassets; sourceTree = "<group>"; };
		03EF864C1B24707D00CE8856 /* Base */ = {isa = PBXFileReference; lastKnownFileType = file.xib; name = Base; path = Base.lproj/LaunchScreen.xib; sourceTree = "<group>"; };
		03EF86521B24707D00CE8856 /* pooprTests.xctest */ = {isa = PBXFileReference; explicitFileType = wrapper.cfbundle; includeInIndex = 0; path = pooprTests.xctest; sourceTree = BUILT_PRODUCTS_DIR; };
		03EF86571B24707D00CE8856 /* Info.plist */ = {isa = PBXFileReference; lastKnownFileType = text.plist.xml; path = Info.plist; sourceTree = "<group>"; };
		03EF86581B24707D00CE8856 /* pooprTests.swift */ = {isa = PBXFileReference; lastKnownFileType = sourcecode.swift; path = pooprTests.swift; sourceTree = "<group>"; };
/* End PBXFileReference section */

/* Begin PBXFrameworksBuildPhase section */
		03EF86381B24707C00CE8856 /* Frameworks */ = {
			isa = PBXFrameworksBuildPhase;
			buildActionMask = 2147483647;
			files = (
			);
			runOnlyForDeploymentPostprocessing = 0;
		};
		03EF864F1B24707D00CE8856 /* Frameworks */ = {
			isa = PBXFrameworksBuildPhase;
			buildActionMask = 2147483647;
			files = (
			);
			runOnlyForDeploymentPostprocessing = 0;
		};
/* End PBXFrameworksBuildPhase section */

/* Begin PBXGroup section */
		03EF86321B24707C00CE8856 = {
			isa = PBXGroup;
			children = (
				03EF863D1B24707C00CE8856 /* poopr */,
				03EF86551B24707D00CE8856 /* pooprTests */,
				03EF863C1B24707C00CE8856 /* Products */,
			);
			sourceTree = "<group>";
		};
		03EF863C1B24707C00CE8856 /* Products */ = {
			isa = PBXGroup;
			children = (
				03EF863B1B24707C00CE8856 /* poopr.app */,
				03EF86521B24707D00CE8856 /* pooprTests.xctest */,
			);
			name = Products;
			sourceTree = "<group>";
		};
		03EF863D1B24707C00CE8856 /* poopr */ = {
			isa = PBXGroup;
			children = (
				03EF86401B24707D00CE8856 /* AppDelegate.swift */,
				03EF86421B24707D00CE8856 /* LoginViewController.swift */,
				03EF86441B24707D00CE8856 /* MapViewController.swift */,
				03EF86461B24707D00CE8856 /* Main.storyboard */,
				03EF86491B24707D00CE8856 /* Images.xcassets */,
				03EF864B1B24707D00CE8856 /* LaunchScreen.xib */,
				03EF863E1B24707D00CE8856 /* Supporting Files */,
			);
			path = poopr;
			sourceTree = "<group>";
		};
		03EF863E1B24707D00CE8856 /* Supporting Files */ = {
			isa = PBXGroup;
			children = (
				03EF863F1B24707D00CE8856 /* Info.plist */,
			);
			name = "Supporting Files";
			sourceTree = "<group>";
		};
		03EF86551B24707D00CE8856 /* pooprTests */ = {
			isa = PBXGroup;
			children = (
				03EF86581B24707D00CE8856 /* pooprTests.swift */,
				03EF86561B24707D00CE8856 /* Supporting Files */,
			);
			path = pooprTests;
			sourceTree = "<group>";
		};
		03EF86561B24707D00CE8856 /* Supporting Files */ = {
			isa = PBXGroup;
			children = (
				03EF86571B24707D00CE8856 /* Info.plist */,
			);
			name = "Supporting Files";
			sourceTree = "<group>";
		};
/* End PBXGroup section */

/* Begin PBXNativeTarget section */
		03EF863A1B24707C00CE8856 /* poopr */ = {
			isa = PBXNativeTarget;
			buildConfigurationList = 03EF865C1B24707D00CE8856 /* Build configuration list for PBXNativeTarget "poopr" */;
			buildPhases = (
				03EF86371B24707C00CE8856 /* Sources */,
				03EF86381B24707C00CE8856 /* Frameworks */,
				03EF86391B24707C00CE8856 /* Resources */,
			);
			buildRules = (
			);
			dependencies = (
			);
			name = poopr;
			productName = poopr;
			productReference = 03EF863B1B24707C00CE8856 /* poopr.app */;
			productType = "com.apple.product-type.application";
		};
		03EF86511B24707D00CE8856 /* pooprTests */ = {
			isa = PBXNativeTarget;
			buildConfigurationList = 03EF865F1B24707D00CE8856 /* Build configuration list for PBXNativeTarget "pooprTests" */;
			buildPhases = (
				03EF864E1B24707D00CE8856 /* Sources */,
				03EF864F1B24707D00CE8856 /* Frameworks */,
				03EF86501B24707D00CE8856 /* Resources */,
			);
			buildRules = (
			);
			dependencies = (
				03EF86541B24707D00CE8856 /* PBXTargetDependency */,
			);
			name = pooprTests;
			productName = pooprTests;
			productReference = 03EF86521B24707D00CE8856 /* pooprTests.xctest */;
			productType = "com.apple.product-type.bundle.unit-test";
		};
/* End PBXNativeTarget section */

/* Begin PBXProject section */
		03EF86331B24707C00CE8856 /* Project object */ = {
			isa = PBXProject;
			attributes = {
				LastUpgradeCheck = 0630;
				ORGANIZATIONNAME = PairingBoyzz;
				TargetAttributes = {
					03EF863A1B24707C00CE8856 = {
						CreatedOnToolsVersion = 6.3.2;
					};
					03EF86511B24707D00CE8856 = {
						CreatedOnToolsVersion = 6.3.2;
						TestTargetID = 03EF863A1B24707C00CE8856;
					};
				};
			};
			buildConfigurationList = 03EF86361B24707C00CE8856 /* Build configuration list for PBXProject "poopr" */;
			compatibilityVersion = "Xcode 3.2";
			developmentRegion = English;
			hasScannedForEncodings = 0;
			knownRegions = (
				en,
				Base,
			);
			mainGroup = 03EF86321B24707C00CE8856;
			productRefGroup = 03EF863C1B24707C00CE8856 /* Products */;
			projectDirPath = "";
			projectRoot = "";
			targets = (
				03EF863A1B24707C00CE8856 /* poopr */,
				03EF86511B24707D00CE8856 /* pooprTests */,
			);
		};
/* End PBXProject section */

/* Begin PBXResourcesBuildPhase section */
		03EF86391B24707C00CE8856 /* Resources */ = {
			isa = PBXResourcesBuildPhase;
			buildActionMask = 2147483647;
			files = (
				03EF86481B24707D00CE8856 /* Main.storyboard in Resources */,
				03EF864D1B24707D00CE8856 /* LaunchScreen.xib in Resources */,
				03EF864A1B24707D00CE8856 /* Images.xcassets in Resources */,
			);
			runOnlyForDeploymentPostprocessing = 0;
		};
		03EF86501B24707D00CE8856 /* Resources */ = {
			isa = PBXResourcesBuildPhase;
			buildActionMask = 2147483647;
			files = (
			);
			runOnlyForDeploymentPostprocessing = 0;
		};
/* End PBXResourcesBuildPhase section */

/* Begin PBXSourcesBuildPhase section */
		03EF86371B24707C00CE8856 /* Sources */ = {
			isa = PBXSourcesBuildPhase;
			buildActionMask = 2147483647;
			files = (
				03EF86451B24707D00CE8856 /* MapViewController.swift in Sources */,
				03EF86431B24707D00CE8856 /* LoginViewController.swift in Sources */,
				03EF86411B24707D00CE8856 /* AppDelegate.swift in Sources */,
			);
			runOnlyForDeploymentPostprocessing = 0;
		};
		03EF864E1B24707D00CE8856 /* Sources */ = {
			isa = PBXSourcesBuildPhase;
			buildActionMask = 2147483647;
			files = (
				03EF86591B24707D00CE8856 /* pooprTests.swift in Sources */,
			);
			runOnlyForDeploymentPostprocessing = 0;
		};
/* End PBXSourcesBuildPhase section */

/* Begin PBXTargetDependency section */
		03EF86541B24707D00CE8856 /* PBXTargetDependency */ = {
			isa = PBXTargetDependency;
			target = 03EF863A1B24707C00CE8856 /* poopr */;
			targetProxy = 03EF86531B24707D00CE8856 /* PBXContainerItemProxy */;
		};
/* End PBXTargetDependency section */

/* Begin PBXVariantGroup section */
		03EF86461B24707D00CE8856 /* Main.storyboard */ = {
			isa = PBXVariantGroup;
			children = (
				03EF86471B24707D00CE8856 /* Base */,
			);
			name = Main.storyboard;
			sourceTree = "<group>";
		};
		03EF864B1B24707D00CE8856 /* LaunchScreen.xib */ = {
			isa = PBXVariantGroup;
			children = (
				03EF864C1B24707D00CE8856 /* Base */,
			);
			name = LaunchScreen.xib;
			sourceTree = "<group>";
		};
/* End PBXVariantGroup section */

/* Begin XCBuildConfiguration section */
		03EF865A1B24707D00CE8856 /* Debug */ = {
			isa = XCBuildConfiguration;
			buildSettings = {
				ALWAYS_SEARCH_USER_PATHS = NO;
				CLANG_CXX_LANGUAGE_STANDARD = "gnu++0x";
				CLANG_CXX_LIBRARY = "libc++";
				CLANG_ENABLE_MODULES = YES;
				CLANG_ENABLE_OBJC_ARC = YES;
				CLANG_WARN_BOOL_CONVERSION = YES;
				CLANG_WARN_CONSTANT_CONVERSION = YES;
				CLANG_WARN_DIRECT_OBJC_ISA_USAGE = YES_ERROR;
				CLANG_WARN_EMPTY_BODY = YES;
				CLANG_WARN_ENUM_CONVERSION = YES;
				CLANG_WARN_INT_CONVERSION = YES;
				CLANG_WARN_OBJC_ROOT_CLASS = YES_ERROR;
				CLANG_WARN_UNREACHABLE_CODE = YES;
				CLANG_WARN__DUPLICATE_METHOD_MATCH = YES;
				"CODE_SIGN_IDENTITY[sdk=iphoneos*]" = "iPhone Developer";
				COPY_PHASE_STRIP = NO;
				DEBUG_INFORMATION_FORMAT = "dwarf-with-dsym";
				ENABLE_STRICT_OBJC_MSGSEND = YES;
				GCC_C_LANGUAGE_STANDARD = gnu99;
				GCC_DYNAMIC_NO_PIC = NO;
				GCC_NO_COMMON_BLOCKS = YES;
				GCC_OPTIMIZATION_LEVEL = 0;
				GCC_PREPROCESSOR_DEFINITIONS = (
					"DEBUG=1",
					"$(inherited)",
				);
				GCC_SYMBOLS_PRIVATE_EXTERN = NO;
				GCC_WARN_64_TO_32_BIT_CONVERSION = YES;
				GCC_WARN_ABOUT_RETURN_TYPE = YES_ERROR;
				GCC_WARN_UNDECLARED_SELECTOR = YES;
				GCC_WARN_UNINITIALIZED_AUTOS = YES_AGGRESSIVE;
				GCC_WARN_UNUSED_FUNCTION = YES;
				GCC_WARN_UNUSED_VARIABLE = YES;
				IPHONEOS_DEPLOYMENT_TARGET = 8.3;
				MTL_ENABLE_DEBUG_INFO = YES;
				ONLY_ACTIVE_ARCH = YES;
				SDKROOT = iphoneos;
				SWIFT_OPTIMIZATION_LEVEL = "-Onone";
			};
			name = Debug;
		};
		03EF865B1B24707D00CE8856 /* Release */ = {
			isa = XCBuildConfiguration;
			buildSettings = {
				ALWAYS_SEARCH_USER_PATHS = NO;
				CLANG_CXX_LANGUAGE_STANDARD = "gnu++0x";
				CLANG_CXX_LIBRARY = "libc++";
				CLANG_ENABLE_MODULES = YES;
				CLANG_ENABLE_OBJC_ARC = YES;
				CLANG_WARN_BOOL_CONVERSION = YES;
				CLANG_WARN_CONSTANT_CONVERSION = YES;
				CLANG_WARN_DIRECT_OBJC_ISA_USAGE = YES_ERROR;
				CLANG_WARN_EMPTY_BODY = YES;
				CLANG_WARN_ENUM_CONVERSION = YES;
				CLANG_WARN_INT_CONVERSION = YES;
				CLANG_WARN_OBJC_ROOT_CLASS = YES_ERROR;
				CLANG_WARN_UNREACHABLE_CODE = YES;
				CLANG_WARN__DUPLICATE_METHOD_MATCH = YES;
				"CODE_SIGN_IDENTITY[sdk=iphoneos*]" = "iPhone Developer";
				COPY_PHASE_STRIP = NO;
				DEBUG_INFORMATION_FORMAT = "dwarf-with-dsym";
				ENABLE_NS_ASSERTIONS = NO;
				ENABLE_STRICT_OBJC_MSGSEND = YES;
				GCC_C_LANGUAGE_STANDARD = gnu99;
				GCC_NO_COMMON_BLOCKS = YES;
				GCC_WARN_64_TO_32_BIT_CONVERSION = YES;
				GCC_WARN_ABOUT_RETURN_TYPE = YES_ERROR;
				GCC_WARN_UNDECLARED_SELECTOR = YES;
				GCC_WARN_UNINITIALIZED_AUTOS = YES_AGGRESSIVE;
				GCC_WARN_UNUSED_FUNCTION = YES;
				GCC_WARN_UNUSED_VARIABLE = YES;
				IPHONEOS_DEPLOYMENT_TARGET = 8.3;
				MTL_ENABLE_DEBUG_INFO = NO;
				SDKROOT = iphoneos;
				VALIDATE_PRODUCT = YES;
			};
			name = Release;
		};
		03EF865D1B24707D00CE8856 /* Debug */ = {
			isa = XCBuildConfiguration;
			buildSettings = {
				ASSETCATALOG_COMPILER_APPICON_NAME = AppIcon;
				INFOPLIST_FILE = poopr/Info.plist;
				LD_RUNPATH_SEARCH_PATHS = "$(inherited) @executable_path/Frameworks";
				PRODUCT_NAME = "$(TARGET_NAME)";
			};
			name = Debug;
		};
		03EF865E1B24707D00CE8856 /* Release */ = {
			isa = XCBuildConfiguration;
			buildSettings = {
				ASSETCATALOG_COMPILER_APPICON_NAME = AppIcon;
				INFOPLIST_FILE = poopr/Info.plist;
				LD_RUNPATH_SEARCH_PATHS = "$(inherited) @executable_path/Frameworks";
				PRODUCT_NAME = "$(TARGET_NAME)";
			};
			name = Release;
		};
		03EF86601B24707D00CE8856 /* Debug */ = {
			isa = XCBuildConfiguration;
			buildSettings = {
				BUNDLE_LOADER = "$(TEST_HOST)";
				FRAMEWORK_SEARCH_PATHS = (
					"$(SDKROOT)/Developer/Library/Frameworks",
					"$(inherited)",
				);
				GCC_PREPROCESSOR_DEFINITIONS = (
					"DEBUG=1",
					"$(inherited)",
				);
				INFOPLIST_FILE = pooprTests/Info.plist;
				LD_RUNPATH_SEARCH_PATHS = "$(inherited) @executable_path/Frameworks @loader_path/Frameworks";
				PRODUCT_NAME = "$(TARGET_NAME)";
				TEST_HOST = "$(BUILT_PRODUCTS_DIR)/poopr.app/poopr";
			};
			name = Debug;
		};
		03EF86611B24707D00CE8856 /* Release */ = {
			isa = XCBuildConfiguration;
			buildSettings = {
				BUNDLE_LOADER = "$(TEST_HOST)";
				FRAMEWORK_SEARCH_PATHS = (
					"$(SDKROOT)/Developer/Library/Frameworks",
					"$(inherited)",
				);
				INFOPLIST_FILE = pooprTests/Info.plist;
				LD_RUNPATH_SEARCH_PATHS = "$(inherited) @executable_path/Frameworks @loader_path/Frameworks";
				PRODUCT_NAME = "$(TARGET_NAME)";
				TEST_HOST = "$(BUILT_PRODUCTS_DIR)/poopr.app/poopr";
			};
			name = Release;
		};
/* End XCBuildConfiguration section */

/* Begin XCConfigurationList section */
		03EF86361B24707C00CE8856 /* Build configuration list for PBXProject "poopr" */ = {
			isa = XCConfigurationList;
			buildConfigurations = (
				03EF865A1B24707D00CE8856 /* Debug */,
				03EF865B1B24707D00CE8856 /* Release */,
			);
			defaultConfigurationIsVisible = 0;
			defaultConfigurationName = Release;
		};
		03EF865C1B24707D00CE8856 /* Build configuration list for PBXNativeTarget "poopr" */ = {
			isa = XCConfigurationList;
			buildConfigurations = (
				03EF865D1B24707D00CE8856 /* Debug */,
				03EF865E1B24707D00CE8856 /* Release */,
			);
			defaultConfigurationIsVisible = 0;
			defaultConfigurationName = Release;
		};
		03EF865F1B24707D00CE8856 /* Build configuration list for PBXNativeTarget "pooprTests" */ = {
			isa = XCConfigurationList;
			buildConfigurations = (
				03EF86601B24707D00CE8856 /* Debug */,
				03EF86611B24707D00CE8856 /* Release */,
			);
			defaultConfigurationIsVisible = 0;
			defaultConfigurationName = Release;
		};
/* End XCConfigurationList section */
	};
	rootObject = 03EF86331B24707C00CE8856 /* Project object */;
}
